
Microsoft Visual Studio Solution File, Format Version 12.00
# Visual Studio 15
VisualStudioVersion = 15.0.27130.2027
MinimumVisualStudioVersion = 10.0.40219.1
Project("{FAE04EC0-301F-11D3-BF4B-00C04F79EFBC}") = "vAdmin", "vAdmin.csproj", "{B3487D4F-96B5-4CBA-A9D6-11642737E48F}"
EndProject
Global
	GlobalSection(SolutionConfigurationPlatforms) = preSolution
		Debug|Any CPU = Debug|Any CPU
		Release|Any CPU = Release|Any CPU
	EndGlobalSection
	GlobalSection(ProjectConfigurationPlatforms) = postSolution
		{B3487D4F-96B5-4CBA-A9D6-11642737E48F}.Debug|Any CPU.ActiveCfg = Debug|Any CPU
		{B3487D4F-96B5-4CBA-A9D6-11642737E48F}.Debug|Any CPU.Build.0 = Debug|Any CPU
		{B3487D4F-96B5-4CBA-A9D6-11642737E48F}.Release|Any CPU.ActiveCfg = Release|Any CPU
		{B3487D4F-96B5-4CBA-A9D6-11642737E48F}.Release|Any CPU.Build.0 = Release|Any CPU
	EndGlobalSection
	GlobalSection(SolutionProperties) = preSolution
		HideSolutionNode = FALSE
	EndGlobalSection
	GlobalSection(ExtensibilityGlobals) = postSolution
		SolutionGuid = {D0E556CC-BA23-4380-BDC9-C8CFD1FE1B7F}
	EndGlobalSection
EndGlobal
